<?xml version="1.0" encoding="UTF-8" standalone="yes" ?>
<CodeBlocks_project_file>
	<FileVersion major="1" minor="6" />
	<Project>
		<Option title="latino" />
		<Option pch_mode="2" />
		<Option compiler="gcc" />
		<Build>
			<Target title="Debug">
				<Option output="bin/Debug/latino" prefix_auto="1" extension_auto="1" />
				<Option object_output="obj/Debug/" />
				<Option type="1" />
				<Option compiler="gcc" />
				<Option parameters="~/src/latino/ejemplos/debug.lat" />
				<Compiler>
					<Add option="-g" />
					<Add option="-std=c99" />
				</Compiler>
			</Target>
			<Target title="Release">
				<Option output="bin/Release/latino" prefix_auto="1" extension_auto="1" />
				<Option object_output="obj/Release/" />
				<Option type="1" />
				<Option compiler="gcc" />
				<Compiler>
					<Add option="-O2" />
					<Add option="-std=c++11" />
				</Compiler>
				<Linker>
					<Add option="-s" />
				</Linker>
			</Target>
		</Build>
		<Compiler>
			<Add option="-Wall" />
		</Compiler>
		<Unit filename="src/ast.c">
			<Option compilerVar="CC" />
		</Unit>
		<Unit filename="src/ast.h" />
		<Unit filename="src/khash.h" />
		<Unit filename="src/latino.c">
			<Option compilerVar="CC" />
		</Unit>
		<Unit filename="src/latino.h" />
		<Unit filename="src/lex.c">
			<Option compilerVar="CC" />
		</Unit>
		<Unit filename="src/linenoise/example.c">
			<Option compilerVar="CC" />
			<Option compile="0" />
			<Option link="0" />
		</Unit>
		<Unit filename="src/linenoise/linenoise.c">
			<Option compilerVar="CC" />
		</Unit>
		<Unit filename="src/linenoise/linenoise.h" />
		<Unit filename="src/linenoise/utf8.c">
			<Option compilerVar="CC" />
		</Unit>
		<Unit filename="src/linenoise/utf8.h" />
		<Unit filename="src/object.c">
			<Option compilerVar="CC" />
		</Unit>
		<Unit filename="src/object.h" />
		<Unit filename="src/parse.c">
			<Option compilerVar="CC" />
		</Unit>
		<Unit filename="src/parse.h" />
		<Unit filename="src/string.c">
			<Option compilerVar="CC" />
		</Unit>
		<Unit filename="src/utils.c">
			<Option compilerVar="CC" />
		</Unit>
		<Unit filename="src/utils.h" />
		<Unit filename="src/vm.c">
			<Option compilerVar="CC" />
		</Unit>
		<Unit filename="src/vm.h" />
		<Extensions>
			<code_completion />
			<debugger />
		</Extensions>
	</Project>
</CodeBlocks_project_file>
