<?xml version="1.0" encoding="UTF-8"?>
<Project ToolsVersion="12.0" xmlns="http://schemas.microsoft.com/developer/msbuild/2003">
  <ItemGroup>
    <ClCompile Include="C:\src\latino\src\latino.c">
      <Filter>Source Files</Filter>
    </ClCompile>
    <ClCompile Include="C:\src\latino\src\ast.c">
      <Filter>Source Files</Filter>
    </ClCompile>
    <ClCompile Include="C:\src\latino\src\utils.c">
      <Filter>Source Files</Filter>
    </ClCompile>
    <ClCompile Include="C:\src\latino\src\vm.c">
      <Filter>Source Files</Filter>
    </ClCompile>
    <ClCompile Include="C:\src\latino\src\object.c">
      <Filter>Source Files</Filter>
    </ClCompile>
    <ClCompile Include="C:\src\latino\src\libstring.c">
      <Filter>Source Files</Filter>
    </ClCompile>
    <ClCompile Include="C:\src\latino\src\libmem.c">
      <Filter>Source Files</Filter>
    </ClCompile>
    <ClCompile Include="C:\src\latino\src\liblist.c">
      <Filter>Source Files</Filter>
    </ClCompile>
    <ClCompile Include="C:\src\latino\src\lex.c">
      <Filter>Source Files</Filter>
    </ClCompile>
    <ClCompile Include="C:\src\latino\src\parse.c">
      <Filter>Source Files</Filter>
    </ClCompile>
    <ClCompile Include="C:\src\latino\src\libmath.c">
      <Filter>Source Files</Filter>
    </ClCompile>
    <ClCompile Include="C:\src\latino\src\libio.c">
      <Filter>Source Files</Filter>
    </ClCompile>
    <ClCompile Include="C:\src\latino\src\linenoise\utf8.c">
      <Filter>Source Files</Filter>
    </ClCompile>
    <ClCompile Include="C:\src\latino\src\linenoise\linenoise.c">
      <Filter>Source Files</Filter>
    </ClCompile>
  </ItemGroup>
  <ItemGroup>
    <ClInclude Include="C:\src\latino\src\khash.h">
      <Filter>Header Files</Filter>
    </ClInclude>
    <ClInclude Include="C:\src\latino\src\latino.h">
      <Filter>Header Files</Filter>
    </ClInclude>
    <ClInclude Include="C:\src\latino\src\ast.h">
      <Filter>Header Files</Filter>
    </ClInclude>
    <ClInclude Include="C:\src\latino\src\utils.h">
      <Filter>Header Files</Filter>
    </ClInclude>
    <ClInclude Include="C:\src\latino\src\vm.h">
      <Filter>Header Files</Filter>
    </ClInclude>
    <ClInclude Include="C:\src\latino\src\object.h">
      <Filter>Header Files</Filter>
    </ClInclude>
    <ClInclude Include="C:\src\latino\src\libstring.h">
      <Filter>Header Files</Filter>
    </ClInclude>
    <ClInclude Include="C:\src\latino\src\libmem.h">
      <Filter>Header Files</Filter>
    </ClInclude>
    <ClInclude Include="C:\src\latino\src\liblist.h">
      <Filter>Header Files</Filter>
    </ClInclude>
    <ClInclude Include="C:\src\latino\src\lex.h">
      <Filter>Header Files</Filter>
    </ClInclude>
    <ClInclude Include="C:\src\latino\src\parse.h">
      <Filter>Header Files</Filter>
    </ClInclude>
    <ClInclude Include="C:\src\latino\src\libmath.h">
      <Filter>Header Files</Filter>
    </ClInclude>
    <ClInclude Include="C:\src\latino\src\libio.h">
      <Filter>Header Files</Filter>
    </ClInclude>
    <ClInclude Include="C:\src\latino\src\linenoise\utf8.h">
      <Filter>Header Files</Filter>
    </ClInclude>
    <ClInclude Include="C:\src\latino\src\linenoise\linenoise.h">
      <Filter>Header Files</Filter>
    </ClInclude>
  </ItemGroup>
  <ItemGroup>
    <CustomBuild Include="C:\src\latino\src\CMakeLists.txt" />
  </ItemGroup>
  <ItemGroup>
    <Filter Include="Source Files">
      <UniqueIdentifier>{2EFB864E-0339-3996-A724-CF6E178E01CD}</UniqueIdentifier>
    </Filter>
    <Filter Include="Header Files">
      <UniqueIdentifier>{CF1A9E5C-67D9-3BA2-8D59-A9FB3347BEBC}</UniqueIdentifier>
    </Filter>
  </ItemGroup>
</Project>
