<?xml version="1.0" encoding="utf-8"?>
<<<<<<< HEAD
<Project ToolsVersion="16.0" xmlns="http://schemas.microsoft.com/developer/msbuild/2003">
  <ItemGroup>
    <ClCompile Include="C:\Users\ciber\src\latino\src\latino.c">
      <Filter>Source Files</Filter>
    </ClCompile>
    <ClCompile Include="C:\Users\ciber\src\latino\src\latlex.c">
      <Filter>Source Files</Filter>
    </ClCompile>
    <ClCompile Include="C:\Users\ciber\src\latino\src\latparse.c">
      <Filter>Source Files</Filter>
    </ClCompile>
    <ClCompile Include="C:\Users\ciber\src\latino\src\latast.c">
      <Filter>Source Files</Filter>
    </ClCompile>
    <ClCompile Include="C:\Users\ciber\src\latino\src\latmem.c">
      <Filter>Source Files</Filter>
    </ClCompile>
    <ClCompile Include="C:\Users\ciber\src\latino\src\latdic.c">
      <Filter>Source Files</Filter>
    </ClCompile>
    <ClCompile Include="C:\Users\ciber\src\latino\src\latdo.c">
      <Filter>Source Files</Filter>
    </ClCompile>
    <ClCompile Include="C:\Users\ciber\src\latino\src\latlist.c">
      <Filter>Source Files</Filter>
    </ClCompile>
    <ClCompile Include="C:\Users\ciber\src\latino\src\latmv.c">
      <Filter>Source Files</Filter>
    </ClCompile>
    <ClCompile Include="C:\Users\ciber\src\latino\src\latobj.c">
      <Filter>Source Files</Filter>
    </ClCompile>
    <ClCompile Include="C:\Users\ciber\src\latino\src\latpaqlib.c">
      <Filter>Source Files</Filter>
    </ClCompile>
    <ClCompile Include="C:\Users\ciber\src\latino\src\latrepl.c">
      <Filter>Source Files</Filter>
    </ClCompile>
    <ClCompile Include="C:\Users\ciber\src\latino\src\latgc.c">
      <Filter>Source Files</Filter>
    </ClCompile>
    <ClCompile Include="C:\Users\ciber\src\latino\src\latbaselib.c">
      <Filter>Source Files</Filter>
    </ClCompile>
    <ClCompile Include="C:\Users\ciber\src\latino\src\latstrlib.c">
      <Filter>Source Files</Filter>
    </ClCompile>
    <ClCompile Include="C:\Users\ciber\src\latino\src\latlistlib.c">
      <Filter>Source Files</Filter>
    </ClCompile>
    <ClCompile Include="C:\Users\ciber\src\latino\src\latdiclib.c">
      <Filter>Source Files</Filter>
    </ClCompile>
    <ClCompile Include="C:\Users\ciber\src\latino\src\latfilelib.c">
      <Filter>Source Files</Filter>
    </ClCompile>
    <ClCompile Include="C:\Users\ciber\src\latino\src\latmathlib.c">
      <Filter>Source Files</Filter>
    </ClCompile>
    <ClCompile Include="C:\Users\ciber\src\latino\src\latsyslib.c">
      <Filter>Source Files</Filter>
    </ClCompile>
    <ClCompile Include="C:\Users\ciber\src\latino\src\latdevlib.c">
      <Filter>Source Files</Filter>
    </ClCompile>
    <ClCompile Include="C:\Users\ciber\src\latino\src\linenoise\utf8.c">
      <Filter>Source Files</Filter>
    </ClCompile>
    <ClCompile Include="C:\Users\ciber\src\latino\src\linenoise\linenoise.c">
=======
<Project ToolsVersion="15.0" xmlns="http://schemas.microsoft.com/developer/msbuild/2003">
  <ItemGroup>
    <ClCompile Include="C:\Users\Layout\Desktop\Latino\src\latino.c">
      <Filter>Source Files</Filter>
    </ClCompile>
    <ClCompile Include="C:\Users\Layout\Desktop\Latino\src\latlex.c">
      <Filter>Source Files</Filter>
    </ClCompile>
    <ClCompile Include="C:\Users\Layout\Desktop\Latino\src\latparse.c">
      <Filter>Source Files</Filter>
    </ClCompile>
    <ClCompile Include="C:\Users\Layout\Desktop\Latino\src\latast.c">
      <Filter>Source Files</Filter>
    </ClCompile>
    <ClCompile Include="C:\Users\Layout\Desktop\Latino\src\latmem.c">
      <Filter>Source Files</Filter>
    </ClCompile>
    <ClCompile Include="C:\Users\Layout\Desktop\Latino\src\latdic.c">
      <Filter>Source Files</Filter>
    </ClCompile>
    <ClCompile Include="C:\Users\Layout\Desktop\Latino\src\latdo.c">
      <Filter>Source Files</Filter>
    </ClCompile>
    <ClCompile Include="C:\Users\Layout\Desktop\Latino\src\latlist.c">
      <Filter>Source Files</Filter>
    </ClCompile>
    <ClCompile Include="C:\Users\Layout\Desktop\Latino\src\latmv.c">
      <Filter>Source Files</Filter>
    </ClCompile>
    <ClCompile Include="C:\Users\Layout\Desktop\Latino\src\latobj.c">
      <Filter>Source Files</Filter>
    </ClCompile>
    <ClCompile Include="C:\Users\Layout\Desktop\Latino\src\latpaqlib.c">
      <Filter>Source Files</Filter>
    </ClCompile>
    <ClCompile Include="C:\Users\Layout\Desktop\Latino\src\latrepl.c">
      <Filter>Source Files</Filter>
    </ClCompile>
    <ClCompile Include="C:\Users\Layout\Desktop\Latino\src\latgc.c">
      <Filter>Source Files</Filter>
    </ClCompile>
    <ClCompile Include="C:\Users\Layout\Desktop\Latino\src\latbaselib.c">
      <Filter>Source Files</Filter>
    </ClCompile>
    <ClCompile Include="C:\Users\Layout\Desktop\Latino\src\latstrlib.c">
      <Filter>Source Files</Filter>
    </ClCompile>
    <ClCompile Include="C:\Users\Layout\Desktop\Latino\src\latlistlib.c">
      <Filter>Source Files</Filter>
    </ClCompile>
    <ClCompile Include="C:\Users\Layout\Desktop\Latino\src\latdiclib.c">
      <Filter>Source Files</Filter>
    </ClCompile>
    <ClCompile Include="C:\Users\Layout\Desktop\Latino\src\latfilelib.c">
      <Filter>Source Files</Filter>
    </ClCompile>
    <ClCompile Include="C:\Users\Layout\Desktop\Latino\src\latmathlib.c">
      <Filter>Source Files</Filter>
    </ClCompile>
    <ClCompile Include="C:\Users\Layout\Desktop\Latino\src\latsyslib.c">
      <Filter>Source Files</Filter>
    </ClCompile>
    <ClCompile Include="C:\Users\Layout\Desktop\Latino\src\latdevlib.c">
      <Filter>Source Files</Filter>
    </ClCompile>
    <ClCompile Include="C:\Users\Layout\Desktop\Latino\src\linenoise\utf8.c">
      <Filter>Source Files</Filter>
    </ClCompile>
    <ClCompile Include="C:\Users\Layout\Desktop\Latino\src\linenoise\linenoise.c">
>>>>>>> 11336ac9485c6d839841852720d6c6d0098511a2
      <Filter>Source Files</Filter>
    </ClCompile>
  </ItemGroup>
  <ItemGroup>
<<<<<<< HEAD
    <CustomBuild Include="C:\Users\ciber\src\latino\src\CMakeLists.txt" />
  </ItemGroup>
  <ItemGroup>
    <None Include="C:\Users\ciber\src\latino\src\latino.def">
=======
    <CustomBuild Include="C:\Users\Layout\Desktop\Latino\src\CMakeLists.txt" />
  </ItemGroup>
  <ItemGroup>
    <None Include="C:\Users\Layout\Desktop\Latino\src\latino.def">
>>>>>>> 11336ac9485c6d839841852720d6c6d0098511a2
      <Filter>Source Files</Filter>
    </None>
  </ItemGroup>
  <ItemGroup>
    <Filter Include="Source Files">
<<<<<<< HEAD
      <UniqueIdentifier>{FB96B692-61CB-3380-8CD7-8D3A2CF7BF0D}</UniqueIdentifier>
=======
      <UniqueIdentifier>{C4DFCDA0-16BB-324F-A53D-85B751345149}</UniqueIdentifier>
>>>>>>> 11336ac9485c6d839841852720d6c6d0098511a2
    </Filter>
  </ItemGroup>
</Project>
