<?xml version="1.0" encoding="UTF-8"?>
<Project ToolsVersion="12.0" xmlns="http://schemas.microsoft.com/developer/msbuild/2003">
  <ItemGroup>
    <CustomBuild Include="C:\src\latino\CMakeLists.txt" />
    <CustomBuild Include="C:\src\latino\visualstudio\CMakeFiles\890aa8a5891fb6e8c5e61f2f2f0b603d\coverage.rule">
      <Filter>CMake Rules</Filter>
    </CustomBuild>
  </ItemGroup>
  <ItemGroup>
    <None Include="C:\src\latino\visualstudio\CMakeFiles\coverage" />
  </ItemGroup>
  <ItemGroup>
    <Filter Include="CMake Rules">
      <UniqueIdentifier>{E02D196A-885C-37AD-9F57-B37B46494627}</UniqueIdentifier>
    </Filter>
  </ItemGroup>
</Project>
