<<<<<<< HEAD
Microsoft Visual Studio Solution File, Format Version 12.00
# Visual Studio 16
Project("{8BC9CEB8-8B4A-11D0-8D11-00A0C91BC942}") = "ALL_BUILD", "ALL_BUILD.vcxproj", "{F40FC4C3-982F-3C83-A595-41DF3D362576}"
	ProjectSection(ProjectDependencies) = postProject
		{EFC1E963-EF0A-336A-AFBC-9542D6B04179} = {EFC1E963-EF0A-336A-AFBC-9542D6B04179}
		{3F82360A-D8B2-3FE8-B428-8826B0B28EC9} = {3F82360A-D8B2-3FE8-B428-8826B0B28EC9}
		{1719F3A3-75FC-3765-B476-25B66B4E4EFD} = {1719F3A3-75FC-3765-B476-25B66B4E4EFD}
		{34991A1D-06B5-31ED-A820-C840DA6DAB4E} = {34991A1D-06B5-31ED-A820-C840DA6DAB4E}
		{13C7A5BA-BF8A-3B7A-BC61-D8F7A6D90EBF} = {13C7A5BA-BF8A-3B7A-BC61-D8F7A6D90EBF}
		{97EC7075-DCF4-3099-91A0-7E53969691D7} = {97EC7075-DCF4-3099-91A0-7E53969691D7}
	EndProjectSection
EndProject
Project("{8BC9CEB8-8B4A-11D0-8D11-00A0C91BC942}") = "PACKAGE", "PACKAGE.vcxproj", "{0DBDCBA4-0811-34A0-8C61-D4BEB8AC597D}"
	ProjectSection(ProjectDependencies) = postProject
		{F40FC4C3-982F-3C83-A595-41DF3D362576} = {F40FC4C3-982F-3C83-A595-41DF3D362576}
		{EFC1E963-EF0A-336A-AFBC-9542D6B04179} = {EFC1E963-EF0A-336A-AFBC-9542D6B04179}
	EndProjectSection
EndProject
Project("{8BC9CEB8-8B4A-11D0-8D11-00A0C91BC942}") = "RUN_TESTS", "RUN_TESTS.vcxproj", "{1579CFD4-E34A-38E8-9391-C50DB00F9C6D}"
	ProjectSection(ProjectDependencies) = postProject
		{EFC1E963-EF0A-336A-AFBC-9542D6B04179} = {EFC1E963-EF0A-336A-AFBC-9542D6B04179}
	EndProjectSection
EndProject
Project("{8BC9CEB8-8B4A-11D0-8D11-00A0C91BC942}") = "ZERO_CHECK", "ZERO_CHECK.vcxproj", "{EFC1E963-EF0A-336A-AFBC-9542D6B04179}"
	ProjectSection(ProjectDependencies) = postProject
	EndProjectSection
EndProject
Project("{8BC9CEB8-8B4A-11D0-8D11-00A0C91BC942}") = "coverage", "coverage.vcxproj", "{E3EF27E9-978D-3F9C-B448-078D1014EECA}"
	ProjectSection(ProjectDependencies) = postProject
		{EFC1E963-EF0A-336A-AFBC-9542D6B04179} = {EFC1E963-EF0A-336A-AFBC-9542D6B04179}
	EndProjectSection
EndProject
Project("{8BC9CEB8-8B4A-11D0-8D11-00A0C91BC942}") = "latino", "src\latino.vcxproj", "{3F82360A-D8B2-3FE8-B428-8826B0B28EC9}"
	ProjectSection(ProjectDependencies) = postProject
		{EFC1E963-EF0A-336A-AFBC-9542D6B04179} = {EFC1E963-EF0A-336A-AFBC-9542D6B04179}
		{97EC7075-DCF4-3099-91A0-7E53969691D7} = {97EC7075-DCF4-3099-91A0-7E53969691D7}
	EndProjectSection
EndProject
Project("{8BC9CEB8-8B4A-11D0-8D11-00A0C91BC942}") = "liblatino", "src\liblatino.vcxproj", "{1719F3A3-75FC-3765-B476-25B66B4E4EFD}"
	ProjectSection(ProjectDependencies) = postProject
		{EFC1E963-EF0A-336A-AFBC-9542D6B04179} = {EFC1E963-EF0A-336A-AFBC-9542D6B04179}
		{97EC7075-DCF4-3099-91A0-7E53969691D7} = {97EC7075-DCF4-3099-91A0-7E53969691D7}
	EndProjectSection
EndProject
Project("{8BC9CEB8-8B4A-11D0-8D11-00A0C91BC942}") = "liblatino_static", "src\liblatino_static.vcxproj", "{34991A1D-06B5-31ED-A820-C840DA6DAB4E}"
	ProjectSection(ProjectDependencies) = postProject
		{EFC1E963-EF0A-336A-AFBC-9542D6B04179} = {EFC1E963-EF0A-336A-AFBC-9542D6B04179}
		{97EC7075-DCF4-3099-91A0-7E53969691D7} = {97EC7075-DCF4-3099-91A0-7E53969691D7}
	EndProjectSection
EndProject
Project("{8BC9CEB8-8B4A-11D0-8D11-00A0C91BC942}") = "linenoise", "src\linenoise\linenoise.vcxproj", "{13C7A5BA-BF8A-3B7A-BC61-D8F7A6D90EBF}"
	ProjectSection(ProjectDependencies) = postProject
		{EFC1E963-EF0A-336A-AFBC-9542D6B04179} = {EFC1E963-EF0A-336A-AFBC-9542D6B04179}
	EndProjectSection
EndProject
Project("{8BC9CEB8-8B4A-11D0-8D11-00A0C91BC942}") = "regex2", "src\regex-2.7-src\src\regex2.vcxproj", "{97EC7075-DCF4-3099-91A0-7E53969691D7}"
	ProjectSection(ProjectDependencies) = postProject
		{EFC1E963-EF0A-336A-AFBC-9542D6B04179} = {EFC1E963-EF0A-336A-AFBC-9542D6B04179}
=======
﻿Microsoft Visual Studio Solution File, Format Version 12.00
# Visual Studio 15
Project("{8BC9CEB8-8B4A-11D0-8D11-00A0C91BC942}") = "ALL_BUILD", "ALL_BUILD.vcxproj", "{05DE0EAD-AEA6-3F54-A1AA-0C112E122AB8}"
	ProjectSection(ProjectDependencies) = postProject
		{028B1569-BCE1-3C7C-A3AC-45D14029C3D5} = {028B1569-BCE1-3C7C-A3AC-45D14029C3D5}
		{E1065E73-2BBA-3561-A086-AAA096B77256} = {E1065E73-2BBA-3561-A086-AAA096B77256}
		{F911F51A-B91F-3AE3-97AD-79478CA29940} = {F911F51A-B91F-3AE3-97AD-79478CA29940}
		{4F44FE0A-0137-36DC-9372-A33AFC5FCBFE} = {4F44FE0A-0137-36DC-9372-A33AFC5FCBFE}
		{B90DCFE9-12E8-3B69-A0DC-10325F593B61} = {B90DCFE9-12E8-3B69-A0DC-10325F593B61}
		{DCFCE55C-2648-3C4F-9DF0-B0F15B269BF5} = {DCFCE55C-2648-3C4F-9DF0-B0F15B269BF5}
	EndProjectSection
EndProject
Project("{8BC9CEB8-8B4A-11D0-8D11-00A0C91BC942}") = "PACKAGE", "PACKAGE.vcxproj", "{FBBB5B2A-E916-3548-8422-48CC98F1697E}"
	ProjectSection(ProjectDependencies) = postProject
		{05DE0EAD-AEA6-3F54-A1AA-0C112E122AB8} = {05DE0EAD-AEA6-3F54-A1AA-0C112E122AB8}
		{028B1569-BCE1-3C7C-A3AC-45D14029C3D5} = {028B1569-BCE1-3C7C-A3AC-45D14029C3D5}
	EndProjectSection
EndProject
Project("{8BC9CEB8-8B4A-11D0-8D11-00A0C91BC942}") = "RUN_TESTS", "RUN_TESTS.vcxproj", "{BE9D3145-B359-3E69-AC76-EE107F52BEB5}"
	ProjectSection(ProjectDependencies) = postProject
		{028B1569-BCE1-3C7C-A3AC-45D14029C3D5} = {028B1569-BCE1-3C7C-A3AC-45D14029C3D5}
	EndProjectSection
EndProject
Project("{8BC9CEB8-8B4A-11D0-8D11-00A0C91BC942}") = "ZERO_CHECK", "ZERO_CHECK.vcxproj", "{028B1569-BCE1-3C7C-A3AC-45D14029C3D5}"
	ProjectSection(ProjectDependencies) = postProject
	EndProjectSection
EndProject
Project("{8BC9CEB8-8B4A-11D0-8D11-00A0C91BC942}") = "coverage", "coverage.vcxproj", "{6D23803B-9A51-3300-906E-688D84932CE7}"
	ProjectSection(ProjectDependencies) = postProject
		{028B1569-BCE1-3C7C-A3AC-45D14029C3D5} = {028B1569-BCE1-3C7C-A3AC-45D14029C3D5}
	EndProjectSection
EndProject
Project("{8BC9CEB8-8B4A-11D0-8D11-00A0C91BC942}") = "latino", "src\latino.vcxproj", "{E1065E73-2BBA-3561-A086-AAA096B77256}"
	ProjectSection(ProjectDependencies) = postProject
		{028B1569-BCE1-3C7C-A3AC-45D14029C3D5} = {028B1569-BCE1-3C7C-A3AC-45D14029C3D5}
		{DCFCE55C-2648-3C4F-9DF0-B0F15B269BF5} = {DCFCE55C-2648-3C4F-9DF0-B0F15B269BF5}
	EndProjectSection
EndProject
Project("{8BC9CEB8-8B4A-11D0-8D11-00A0C91BC942}") = "liblatino", "src\liblatino.vcxproj", "{F911F51A-B91F-3AE3-97AD-79478CA29940}"
	ProjectSection(ProjectDependencies) = postProject
		{028B1569-BCE1-3C7C-A3AC-45D14029C3D5} = {028B1569-BCE1-3C7C-A3AC-45D14029C3D5}
		{DCFCE55C-2648-3C4F-9DF0-B0F15B269BF5} = {DCFCE55C-2648-3C4F-9DF0-B0F15B269BF5}
	EndProjectSection
EndProject
Project("{8BC9CEB8-8B4A-11D0-8D11-00A0C91BC942}") = "liblatino_static", "src\liblatino_static.vcxproj", "{4F44FE0A-0137-36DC-9372-A33AFC5FCBFE}"
	ProjectSection(ProjectDependencies) = postProject
		{028B1569-BCE1-3C7C-A3AC-45D14029C3D5} = {028B1569-BCE1-3C7C-A3AC-45D14029C3D5}
		{DCFCE55C-2648-3C4F-9DF0-B0F15B269BF5} = {DCFCE55C-2648-3C4F-9DF0-B0F15B269BF5}
	EndProjectSection
EndProject
Project("{8BC9CEB8-8B4A-11D0-8D11-00A0C91BC942}") = "linenoise", "src\linenoise\linenoise.vcxproj", "{B90DCFE9-12E8-3B69-A0DC-10325F593B61}"
	ProjectSection(ProjectDependencies) = postProject
		{028B1569-BCE1-3C7C-A3AC-45D14029C3D5} = {028B1569-BCE1-3C7C-A3AC-45D14029C3D5}
	EndProjectSection
EndProject
Project("{8BC9CEB8-8B4A-11D0-8D11-00A0C91BC942}") = "regex2", "src\regex-2.7-src\src\regex2.vcxproj", "{DCFCE55C-2648-3C4F-9DF0-B0F15B269BF5}"
	ProjectSection(ProjectDependencies) = postProject
		{028B1569-BCE1-3C7C-A3AC-45D14029C3D5} = {028B1569-BCE1-3C7C-A3AC-45D14029C3D5}
>>>>>>> 11336ac9485c6d839841852720d6c6d0098511a2
	EndProjectSection
EndProject
Global
	GlobalSection(SolutionConfigurationPlatforms) = preSolution
<<<<<<< HEAD
		Debug|x64 = Debug|x64
		Release|x64 = Release|x64
		MinSizeRel|x64 = MinSizeRel|x64
		RelWithDebInfo|x64 = RelWithDebInfo|x64
	EndGlobalSection
	GlobalSection(ProjectConfigurationPlatforms) = postSolution
		{F40FC4C3-982F-3C83-A595-41DF3D362576}.Debug|x64.ActiveCfg = Debug|x64
		{F40FC4C3-982F-3C83-A595-41DF3D362576}.Debug|x64.Build.0 = Debug|x64
		{F40FC4C3-982F-3C83-A595-41DF3D362576}.Release|x64.ActiveCfg = Release|x64
		{F40FC4C3-982F-3C83-A595-41DF3D362576}.Release|x64.Build.0 = Release|x64
		{F40FC4C3-982F-3C83-A595-41DF3D362576}.MinSizeRel|x64.ActiveCfg = MinSizeRel|x64
		{F40FC4C3-982F-3C83-A595-41DF3D362576}.MinSizeRel|x64.Build.0 = MinSizeRel|x64
		{F40FC4C3-982F-3C83-A595-41DF3D362576}.RelWithDebInfo|x64.ActiveCfg = RelWithDebInfo|x64
		{F40FC4C3-982F-3C83-A595-41DF3D362576}.RelWithDebInfo|x64.Build.0 = RelWithDebInfo|x64
		{0DBDCBA4-0811-34A0-8C61-D4BEB8AC597D}.Debug|x64.ActiveCfg = Debug|x64
		{0DBDCBA4-0811-34A0-8C61-D4BEB8AC597D}.Release|x64.ActiveCfg = Release|x64
		{0DBDCBA4-0811-34A0-8C61-D4BEB8AC597D}.MinSizeRel|x64.ActiveCfg = MinSizeRel|x64
		{0DBDCBA4-0811-34A0-8C61-D4BEB8AC597D}.RelWithDebInfo|x64.ActiveCfg = RelWithDebInfo|x64
		{1579CFD4-E34A-38E8-9391-C50DB00F9C6D}.Debug|x64.ActiveCfg = Debug|x64
		{1579CFD4-E34A-38E8-9391-C50DB00F9C6D}.Release|x64.ActiveCfg = Release|x64
		{1579CFD4-E34A-38E8-9391-C50DB00F9C6D}.MinSizeRel|x64.ActiveCfg = MinSizeRel|x64
		{1579CFD4-E34A-38E8-9391-C50DB00F9C6D}.RelWithDebInfo|x64.ActiveCfg = RelWithDebInfo|x64
		{EFC1E963-EF0A-336A-AFBC-9542D6B04179}.Debug|x64.ActiveCfg = Debug|x64
		{EFC1E963-EF0A-336A-AFBC-9542D6B04179}.Debug|x64.Build.0 = Debug|x64
		{EFC1E963-EF0A-336A-AFBC-9542D6B04179}.Release|x64.ActiveCfg = Release|x64
		{EFC1E963-EF0A-336A-AFBC-9542D6B04179}.Release|x64.Build.0 = Release|x64
		{EFC1E963-EF0A-336A-AFBC-9542D6B04179}.MinSizeRel|x64.ActiveCfg = MinSizeRel|x64
		{EFC1E963-EF0A-336A-AFBC-9542D6B04179}.MinSizeRel|x64.Build.0 = MinSizeRel|x64
		{EFC1E963-EF0A-336A-AFBC-9542D6B04179}.RelWithDebInfo|x64.ActiveCfg = RelWithDebInfo|x64
		{EFC1E963-EF0A-336A-AFBC-9542D6B04179}.RelWithDebInfo|x64.Build.0 = RelWithDebInfo|x64
		{E3EF27E9-978D-3F9C-B448-078D1014EECA}.Debug|x64.ActiveCfg = Debug|x64
		{E3EF27E9-978D-3F9C-B448-078D1014EECA}.Release|x64.ActiveCfg = Release|x64
		{E3EF27E9-978D-3F9C-B448-078D1014EECA}.MinSizeRel|x64.ActiveCfg = MinSizeRel|x64
		{E3EF27E9-978D-3F9C-B448-078D1014EECA}.RelWithDebInfo|x64.ActiveCfg = RelWithDebInfo|x64
		{3F82360A-D8B2-3FE8-B428-8826B0B28EC9}.Debug|x64.ActiveCfg = Debug|x64
		{3F82360A-D8B2-3FE8-B428-8826B0B28EC9}.Debug|x64.Build.0 = Debug|x64
		{3F82360A-D8B2-3FE8-B428-8826B0B28EC9}.Release|x64.ActiveCfg = Release|x64
		{3F82360A-D8B2-3FE8-B428-8826B0B28EC9}.Release|x64.Build.0 = Release|x64
		{3F82360A-D8B2-3FE8-B428-8826B0B28EC9}.MinSizeRel|x64.ActiveCfg = MinSizeRel|x64
		{3F82360A-D8B2-3FE8-B428-8826B0B28EC9}.MinSizeRel|x64.Build.0 = MinSizeRel|x64
		{3F82360A-D8B2-3FE8-B428-8826B0B28EC9}.RelWithDebInfo|x64.ActiveCfg = RelWithDebInfo|x64
		{3F82360A-D8B2-3FE8-B428-8826B0B28EC9}.RelWithDebInfo|x64.Build.0 = RelWithDebInfo|x64
		{1719F3A3-75FC-3765-B476-25B66B4E4EFD}.Debug|x64.ActiveCfg = Debug|x64
		{1719F3A3-75FC-3765-B476-25B66B4E4EFD}.Debug|x64.Build.0 = Debug|x64
		{1719F3A3-75FC-3765-B476-25B66B4E4EFD}.Release|x64.ActiveCfg = Release|x64
		{1719F3A3-75FC-3765-B476-25B66B4E4EFD}.Release|x64.Build.0 = Release|x64
		{1719F3A3-75FC-3765-B476-25B66B4E4EFD}.MinSizeRel|x64.ActiveCfg = MinSizeRel|x64
		{1719F3A3-75FC-3765-B476-25B66B4E4EFD}.MinSizeRel|x64.Build.0 = MinSizeRel|x64
		{1719F3A3-75FC-3765-B476-25B66B4E4EFD}.RelWithDebInfo|x64.ActiveCfg = RelWithDebInfo|x64
		{1719F3A3-75FC-3765-B476-25B66B4E4EFD}.RelWithDebInfo|x64.Build.0 = RelWithDebInfo|x64
		{34991A1D-06B5-31ED-A820-C840DA6DAB4E}.Debug|x64.ActiveCfg = Debug|x64
		{34991A1D-06B5-31ED-A820-C840DA6DAB4E}.Debug|x64.Build.0 = Debug|x64
		{34991A1D-06B5-31ED-A820-C840DA6DAB4E}.Release|x64.ActiveCfg = Release|x64
		{34991A1D-06B5-31ED-A820-C840DA6DAB4E}.Release|x64.Build.0 = Release|x64
		{34991A1D-06B5-31ED-A820-C840DA6DAB4E}.MinSizeRel|x64.ActiveCfg = MinSizeRel|x64
		{34991A1D-06B5-31ED-A820-C840DA6DAB4E}.MinSizeRel|x64.Build.0 = MinSizeRel|x64
		{34991A1D-06B5-31ED-A820-C840DA6DAB4E}.RelWithDebInfo|x64.ActiveCfg = RelWithDebInfo|x64
		{34991A1D-06B5-31ED-A820-C840DA6DAB4E}.RelWithDebInfo|x64.Build.0 = RelWithDebInfo|x64
		{13C7A5BA-BF8A-3B7A-BC61-D8F7A6D90EBF}.Debug|x64.ActiveCfg = Debug|x64
		{13C7A5BA-BF8A-3B7A-BC61-D8F7A6D90EBF}.Debug|x64.Build.0 = Debug|x64
		{13C7A5BA-BF8A-3B7A-BC61-D8F7A6D90EBF}.Release|x64.ActiveCfg = Release|x64
		{13C7A5BA-BF8A-3B7A-BC61-D8F7A6D90EBF}.Release|x64.Build.0 = Release|x64
		{13C7A5BA-BF8A-3B7A-BC61-D8F7A6D90EBF}.MinSizeRel|x64.ActiveCfg = MinSizeRel|x64
		{13C7A5BA-BF8A-3B7A-BC61-D8F7A6D90EBF}.MinSizeRel|x64.Build.0 = MinSizeRel|x64
		{13C7A5BA-BF8A-3B7A-BC61-D8F7A6D90EBF}.RelWithDebInfo|x64.ActiveCfg = RelWithDebInfo|x64
		{13C7A5BA-BF8A-3B7A-BC61-D8F7A6D90EBF}.RelWithDebInfo|x64.Build.0 = RelWithDebInfo|x64
		{97EC7075-DCF4-3099-91A0-7E53969691D7}.Debug|x64.ActiveCfg = Debug|x64
		{97EC7075-DCF4-3099-91A0-7E53969691D7}.Debug|x64.Build.0 = Debug|x64
		{97EC7075-DCF4-3099-91A0-7E53969691D7}.Release|x64.ActiveCfg = Release|x64
		{97EC7075-DCF4-3099-91A0-7E53969691D7}.Release|x64.Build.0 = Release|x64
		{97EC7075-DCF4-3099-91A0-7E53969691D7}.MinSizeRel|x64.ActiveCfg = MinSizeRel|x64
		{97EC7075-DCF4-3099-91A0-7E53969691D7}.MinSizeRel|x64.Build.0 = MinSizeRel|x64
		{97EC7075-DCF4-3099-91A0-7E53969691D7}.RelWithDebInfo|x64.ActiveCfg = RelWithDebInfo|x64
		{97EC7075-DCF4-3099-91A0-7E53969691D7}.RelWithDebInfo|x64.Build.0 = RelWithDebInfo|x64
	EndGlobalSection
	GlobalSection(ExtensibilityGlobals) = postSolution
		SolutionGuid = {7B0C08EC-42FB-3DC3-BF07-FDB85466E573}
=======
		Debug|Win32 = Debug|Win32
		Release|Win32 = Release|Win32
		MinSizeRel|Win32 = MinSizeRel|Win32
		RelWithDebInfo|Win32 = RelWithDebInfo|Win32
	EndGlobalSection
	GlobalSection(ProjectConfigurationPlatforms) = postSolution
		{05DE0EAD-AEA6-3F54-A1AA-0C112E122AB8}.Debug|Win32.ActiveCfg = Debug|Win32
		{05DE0EAD-AEA6-3F54-A1AA-0C112E122AB8}.Debug|Win32.Build.0 = Debug|Win32
		{05DE0EAD-AEA6-3F54-A1AA-0C112E122AB8}.Release|Win32.ActiveCfg = Release|Win32
		{05DE0EAD-AEA6-3F54-A1AA-0C112E122AB8}.Release|Win32.Build.0 = Release|Win32
		{05DE0EAD-AEA6-3F54-A1AA-0C112E122AB8}.MinSizeRel|Win32.ActiveCfg = MinSizeRel|Win32
		{05DE0EAD-AEA6-3F54-A1AA-0C112E122AB8}.MinSizeRel|Win32.Build.0 = MinSizeRel|Win32
		{05DE0EAD-AEA6-3F54-A1AA-0C112E122AB8}.RelWithDebInfo|Win32.ActiveCfg = RelWithDebInfo|Win32
		{05DE0EAD-AEA6-3F54-A1AA-0C112E122AB8}.RelWithDebInfo|Win32.Build.0 = RelWithDebInfo|Win32
		{FBBB5B2A-E916-3548-8422-48CC98F1697E}.Debug|Win32.ActiveCfg = Debug|Win32
		{FBBB5B2A-E916-3548-8422-48CC98F1697E}.Release|Win32.ActiveCfg = Release|Win32
		{FBBB5B2A-E916-3548-8422-48CC98F1697E}.MinSizeRel|Win32.ActiveCfg = MinSizeRel|Win32
		{FBBB5B2A-E916-3548-8422-48CC98F1697E}.RelWithDebInfo|Win32.ActiveCfg = RelWithDebInfo|Win32
		{BE9D3145-B359-3E69-AC76-EE107F52BEB5}.Debug|Win32.ActiveCfg = Debug|Win32
		{BE9D3145-B359-3E69-AC76-EE107F52BEB5}.Release|Win32.ActiveCfg = Release|Win32
		{BE9D3145-B359-3E69-AC76-EE107F52BEB5}.MinSizeRel|Win32.ActiveCfg = MinSizeRel|Win32
		{BE9D3145-B359-3E69-AC76-EE107F52BEB5}.RelWithDebInfo|Win32.ActiveCfg = RelWithDebInfo|Win32
		{028B1569-BCE1-3C7C-A3AC-45D14029C3D5}.Debug|Win32.ActiveCfg = Debug|Win32
		{028B1569-BCE1-3C7C-A3AC-45D14029C3D5}.Debug|Win32.Build.0 = Debug|Win32
		{028B1569-BCE1-3C7C-A3AC-45D14029C3D5}.Release|Win32.ActiveCfg = Release|Win32
		{028B1569-BCE1-3C7C-A3AC-45D14029C3D5}.Release|Win32.Build.0 = Release|Win32
		{028B1569-BCE1-3C7C-A3AC-45D14029C3D5}.MinSizeRel|Win32.ActiveCfg = MinSizeRel|Win32
		{028B1569-BCE1-3C7C-A3AC-45D14029C3D5}.MinSizeRel|Win32.Build.0 = MinSizeRel|Win32
		{028B1569-BCE1-3C7C-A3AC-45D14029C3D5}.RelWithDebInfo|Win32.ActiveCfg = RelWithDebInfo|Win32
		{028B1569-BCE1-3C7C-A3AC-45D14029C3D5}.RelWithDebInfo|Win32.Build.0 = RelWithDebInfo|Win32
		{6D23803B-9A51-3300-906E-688D84932CE7}.Debug|Win32.ActiveCfg = Debug|Win32
		{6D23803B-9A51-3300-906E-688D84932CE7}.Release|Win32.ActiveCfg = Release|Win32
		{6D23803B-9A51-3300-906E-688D84932CE7}.MinSizeRel|Win32.ActiveCfg = MinSizeRel|Win32
		{6D23803B-9A51-3300-906E-688D84932CE7}.RelWithDebInfo|Win32.ActiveCfg = RelWithDebInfo|Win32
		{E1065E73-2BBA-3561-A086-AAA096B77256}.Debug|Win32.ActiveCfg = Debug|Win32
		{E1065E73-2BBA-3561-A086-AAA096B77256}.Debug|Win32.Build.0 = Debug|Win32
		{E1065E73-2BBA-3561-A086-AAA096B77256}.Release|Win32.ActiveCfg = Release|Win32
		{E1065E73-2BBA-3561-A086-AAA096B77256}.Release|Win32.Build.0 = Release|Win32
		{E1065E73-2BBA-3561-A086-AAA096B77256}.MinSizeRel|Win32.ActiveCfg = MinSizeRel|Win32
		{E1065E73-2BBA-3561-A086-AAA096B77256}.MinSizeRel|Win32.Build.0 = MinSizeRel|Win32
		{E1065E73-2BBA-3561-A086-AAA096B77256}.RelWithDebInfo|Win32.ActiveCfg = RelWithDebInfo|Win32
		{E1065E73-2BBA-3561-A086-AAA096B77256}.RelWithDebInfo|Win32.Build.0 = RelWithDebInfo|Win32
		{F911F51A-B91F-3AE3-97AD-79478CA29940}.Debug|Win32.ActiveCfg = Debug|Win32
		{F911F51A-B91F-3AE3-97AD-79478CA29940}.Debug|Win32.Build.0 = Debug|Win32
		{F911F51A-B91F-3AE3-97AD-79478CA29940}.Release|Win32.ActiveCfg = Release|Win32
		{F911F51A-B91F-3AE3-97AD-79478CA29940}.Release|Win32.Build.0 = Release|Win32
		{F911F51A-B91F-3AE3-97AD-79478CA29940}.MinSizeRel|Win32.ActiveCfg = MinSizeRel|Win32
		{F911F51A-B91F-3AE3-97AD-79478CA29940}.MinSizeRel|Win32.Build.0 = MinSizeRel|Win32
		{F911F51A-B91F-3AE3-97AD-79478CA29940}.RelWithDebInfo|Win32.ActiveCfg = RelWithDebInfo|Win32
		{F911F51A-B91F-3AE3-97AD-79478CA29940}.RelWithDebInfo|Win32.Build.0 = RelWithDebInfo|Win32
		{4F44FE0A-0137-36DC-9372-A33AFC5FCBFE}.Debug|Win32.ActiveCfg = Debug|Win32
		{4F44FE0A-0137-36DC-9372-A33AFC5FCBFE}.Debug|Win32.Build.0 = Debug|Win32
		{4F44FE0A-0137-36DC-9372-A33AFC5FCBFE}.Release|Win32.ActiveCfg = Release|Win32
		{4F44FE0A-0137-36DC-9372-A33AFC5FCBFE}.Release|Win32.Build.0 = Release|Win32
		{4F44FE0A-0137-36DC-9372-A33AFC5FCBFE}.MinSizeRel|Win32.ActiveCfg = MinSizeRel|Win32
		{4F44FE0A-0137-36DC-9372-A33AFC5FCBFE}.MinSizeRel|Win32.Build.0 = MinSizeRel|Win32
		{4F44FE0A-0137-36DC-9372-A33AFC5FCBFE}.RelWithDebInfo|Win32.ActiveCfg = RelWithDebInfo|Win32
		{4F44FE0A-0137-36DC-9372-A33AFC5FCBFE}.RelWithDebInfo|Win32.Build.0 = RelWithDebInfo|Win32
		{B90DCFE9-12E8-3B69-A0DC-10325F593B61}.Debug|Win32.ActiveCfg = Debug|Win32
		{B90DCFE9-12E8-3B69-A0DC-10325F593B61}.Debug|Win32.Build.0 = Debug|Win32
		{B90DCFE9-12E8-3B69-A0DC-10325F593B61}.Release|Win32.ActiveCfg = Release|Win32
		{B90DCFE9-12E8-3B69-A0DC-10325F593B61}.Release|Win32.Build.0 = Release|Win32
		{B90DCFE9-12E8-3B69-A0DC-10325F593B61}.MinSizeRel|Win32.ActiveCfg = MinSizeRel|Win32
		{B90DCFE9-12E8-3B69-A0DC-10325F593B61}.MinSizeRel|Win32.Build.0 = MinSizeRel|Win32
		{B90DCFE9-12E8-3B69-A0DC-10325F593B61}.RelWithDebInfo|Win32.ActiveCfg = RelWithDebInfo|Win32
		{B90DCFE9-12E8-3B69-A0DC-10325F593B61}.RelWithDebInfo|Win32.Build.0 = RelWithDebInfo|Win32
		{DCFCE55C-2648-3C4F-9DF0-B0F15B269BF5}.Debug|Win32.ActiveCfg = Debug|Win32
		{DCFCE55C-2648-3C4F-9DF0-B0F15B269BF5}.Debug|Win32.Build.0 = Debug|Win32
		{DCFCE55C-2648-3C4F-9DF0-B0F15B269BF5}.Release|Win32.ActiveCfg = Release|Win32
		{DCFCE55C-2648-3C4F-9DF0-B0F15B269BF5}.Release|Win32.Build.0 = Release|Win32
		{DCFCE55C-2648-3C4F-9DF0-B0F15B269BF5}.MinSizeRel|Win32.ActiveCfg = MinSizeRel|Win32
		{DCFCE55C-2648-3C4F-9DF0-B0F15B269BF5}.MinSizeRel|Win32.Build.0 = MinSizeRel|Win32
		{DCFCE55C-2648-3C4F-9DF0-B0F15B269BF5}.RelWithDebInfo|Win32.ActiveCfg = RelWithDebInfo|Win32
		{DCFCE55C-2648-3C4F-9DF0-B0F15B269BF5}.RelWithDebInfo|Win32.Build.0 = RelWithDebInfo|Win32
	EndGlobalSection
	GlobalSection(ExtensibilityGlobals) = postSolution
		SolutionGuid = {8BB9D838-2E27-3FE8-98BD-8F586F1F2111}
>>>>>>> 11336ac9485c6d839841852720d6c6d0098511a2
	EndGlobalSection
	GlobalSection(ExtensibilityAddIns) = postSolution
	EndGlobalSection
EndGlobal
