Microsoft Visual Studio Solution File, Format Version 12.00
# Visual Studio 2013
Project("{8BC9CEB8-8B4A-11D0-8D11-00A0C91BC942}") = "ALL_BUILD", "ALL_BUILD.vcxproj", "{6F9B27EA-4811-3E3D-941D-4621E63083A4}"
	ProjectSection(ProjectDependencies) = postProject
		{5D4D3EC1-3B81-3E09-8F64-EC0419A6E928} = {5D4D3EC1-3B81-3E09-8F64-EC0419A6E928}
		{E1A4155A-0494-3B1C-901D-892EA6CCDD78} = {E1A4155A-0494-3B1C-901D-892EA6CCDD78}
		{1D1C718C-4827-306E-BFF0-4EAD38A6260C} = {1D1C718C-4827-306E-BFF0-4EAD38A6260C}
	EndProjectSection
EndProject
Project("{8BC9CEB8-8B4A-11D0-8D11-00A0C91BC942}") = "PACKAGE", "PACKAGE.vcxproj", "{BCC3C450-53B8-3E8F-8C2D-D38B176D7739}"
	ProjectSection(ProjectDependencies) = postProject
		{6F9B27EA-4811-3E3D-941D-4621E63083A4} = {6F9B27EA-4811-3E3D-941D-4621E63083A4}
	EndProjectSection
EndProject
Project("{8BC9CEB8-8B4A-11D0-8D11-00A0C91BC942}") = "RUN_TESTS", "RUN_TESTS.vcxproj", "{D1590402-A015-3548-B070-8D915FF09F82}"
	ProjectSection(ProjectDependencies) = postProject
	EndProjectSection
EndProject
Project("{8BC9CEB8-8B4A-11D0-8D11-00A0C91BC942}") = "ZERO_CHECK", "ZERO_CHECK.vcxproj", "{5D4D3EC1-3B81-3E09-8F64-EC0419A6E928}"
	ProjectSection(ProjectDependencies) = postProject
	EndProjectSection
EndProject
Project("{8BC9CEB8-8B4A-11D0-8D11-00A0C91BC942}") = "coverage", "coverage.vcxproj", "{888DA27E-0B83-3F31-8448-E4EE95246FA2}"
	ProjectSection(ProjectDependencies) = postProject
		{5D4D3EC1-3B81-3E09-8F64-EC0419A6E928} = {5D4D3EC1-3B81-3E09-8F64-EC0419A6E928}
	EndProjectSection
EndProject
Project("{8BC9CEB8-8B4A-11D0-8D11-00A0C91BC942}") = "latino", "src\latino.vcxproj", "{E1A4155A-0494-3B1C-901D-892EA6CCDD78}"
	ProjectSection(ProjectDependencies) = postProject
		{5D4D3EC1-3B81-3E09-8F64-EC0419A6E928} = {5D4D3EC1-3B81-3E09-8F64-EC0419A6E928}
	EndProjectSection
EndProject
Project("{8BC9CEB8-8B4A-11D0-8D11-00A0C91BC942}") = "linenoise", "src\linenoise\linenoise.vcxproj", "{1D1C718C-4827-306E-BFF0-4EAD38A6260C}"
	ProjectSection(ProjectDependencies) = postProject
		{5D4D3EC1-3B81-3E09-8F64-EC0419A6E928} = {5D4D3EC1-3B81-3E09-8F64-EC0419A6E928}
	EndProjectSection
EndProject
Global
	GlobalSection(SolutionConfigurationPlatforms) = preSolution
		Debug|Win32 = Debug|Win32
		Release|Win32 = Release|Win32
		MinSizeRel|Win32 = MinSizeRel|Win32
		RelWithDebInfo|Win32 = RelWithDebInfo|Win32
	EndGlobalSection
	GlobalSection(ProjectConfigurationPlatforms) = postSolution
		{6F9B27EA-4811-3E3D-941D-4621E63083A4}.Debug|Win32.ActiveCfg = Debug|Win32
		{6F9B27EA-4811-3E3D-941D-4621E63083A4}.Debug|Win32.Build.0 = Debug|Win32
		{6F9B27EA-4811-3E3D-941D-4621E63083A4}.Release|Win32.ActiveCfg = Release|Win32
		{6F9B27EA-4811-3E3D-941D-4621E63083A4}.Release|Win32.Build.0 = Release|Win32
		{6F9B27EA-4811-3E3D-941D-4621E63083A4}.MinSizeRel|Win32.ActiveCfg = MinSizeRel|Win32
		{6F9B27EA-4811-3E3D-941D-4621E63083A4}.MinSizeRel|Win32.Build.0 = MinSizeRel|Win32
		{6F9B27EA-4811-3E3D-941D-4621E63083A4}.RelWithDebInfo|Win32.ActiveCfg = RelWithDebInfo|Win32
		{6F9B27EA-4811-3E3D-941D-4621E63083A4}.RelWithDebInfo|Win32.Build.0 = RelWithDebInfo|Win32
		{BCC3C450-53B8-3E8F-8C2D-D38B176D7739}.Debug|Win32.ActiveCfg = Debug|Win32
		{BCC3C450-53B8-3E8F-8C2D-D38B176D7739}.Release|Win32.ActiveCfg = Release|Win32
		{BCC3C450-53B8-3E8F-8C2D-D38B176D7739}.MinSizeRel|Win32.ActiveCfg = MinSizeRel|Win32
		{BCC3C450-53B8-3E8F-8C2D-D38B176D7739}.RelWithDebInfo|Win32.ActiveCfg = RelWithDebInfo|Win32
		{D1590402-A015-3548-B070-8D915FF09F82}.Debug|Win32.ActiveCfg = Debug|Win32
		{D1590402-A015-3548-B070-8D915FF09F82}.Release|Win32.ActiveCfg = Release|Win32
		{D1590402-A015-3548-B070-8D915FF09F82}.MinSizeRel|Win32.ActiveCfg = MinSizeRel|Win32
		{D1590402-A015-3548-B070-8D915FF09F82}.RelWithDebInfo|Win32.ActiveCfg = RelWithDebInfo|Win32
		{5D4D3EC1-3B81-3E09-8F64-EC0419A6E928}.Debug|Win32.ActiveCfg = Debug|Win32
		{5D4D3EC1-3B81-3E09-8F64-EC0419A6E928}.Debug|Win32.Build.0 = Debug|Win32
		{5D4D3EC1-3B81-3E09-8F64-EC0419A6E928}.Release|Win32.ActiveCfg = Release|Win32
		{5D4D3EC1-3B81-3E09-8F64-EC0419A6E928}.Release|Win32.Build.0 = Release|Win32
		{5D4D3EC1-3B81-3E09-8F64-EC0419A6E928}.MinSizeRel|Win32.ActiveCfg = MinSizeRel|Win32
		{5D4D3EC1-3B81-3E09-8F64-EC0419A6E928}.MinSizeRel|Win32.Build.0 = MinSizeRel|Win32
		{5D4D3EC1-3B81-3E09-8F64-EC0419A6E928}.RelWithDebInfo|Win32.ActiveCfg = RelWithDebInfo|Win32
		{5D4D3EC1-3B81-3E09-8F64-EC0419A6E928}.RelWithDebInfo|Win32.Build.0 = RelWithDebInfo|Win32
		{888DA27E-0B83-3F31-8448-E4EE95246FA2}.Debug|Win32.ActiveCfg = Debug|Win32
		{888DA27E-0B83-3F31-8448-E4EE95246FA2}.Release|Win32.ActiveCfg = Release|Win32
		{888DA27E-0B83-3F31-8448-E4EE95246FA2}.MinSizeRel|Win32.ActiveCfg = MinSizeRel|Win32
		{888DA27E-0B83-3F31-8448-E4EE95246FA2}.RelWithDebInfo|Win32.ActiveCfg = RelWithDebInfo|Win32
		{E1A4155A-0494-3B1C-901D-892EA6CCDD78}.Debug|Win32.ActiveCfg = Debug|Win32
		{E1A4155A-0494-3B1C-901D-892EA6CCDD78}.Debug|Win32.Build.0 = Debug|Win32
		{E1A4155A-0494-3B1C-901D-892EA6CCDD78}.Release|Win32.ActiveCfg = Release|Win32
		{E1A4155A-0494-3B1C-901D-892EA6CCDD78}.Release|Win32.Build.0 = Release|Win32
		{E1A4155A-0494-3B1C-901D-892EA6CCDD78}.MinSizeRel|Win32.ActiveCfg = MinSizeRel|Win32
		{E1A4155A-0494-3B1C-901D-892EA6CCDD78}.MinSizeRel|Win32.Build.0 = MinSizeRel|Win32
		{E1A4155A-0494-3B1C-901D-892EA6CCDD78}.RelWithDebInfo|Win32.ActiveCfg = RelWithDebInfo|Win32
		{E1A4155A-0494-3B1C-901D-892EA6CCDD78}.RelWithDebInfo|Win32.Build.0 = RelWithDebInfo|Win32
		{1D1C718C-4827-306E-BFF0-4EAD38A6260C}.Debug|Win32.ActiveCfg = Debug|Win32
		{1D1C718C-4827-306E-BFF0-4EAD38A6260C}.Debug|Win32.Build.0 = Debug|Win32
		{1D1C718C-4827-306E-BFF0-4EAD38A6260C}.Release|Win32.ActiveCfg = Release|Win32
		{1D1C718C-4827-306E-BFF0-4EAD38A6260C}.Release|Win32.Build.0 = Release|Win32
		{1D1C718C-4827-306E-BFF0-4EAD38A6260C}.MinSizeRel|Win32.ActiveCfg = MinSizeRel|Win32
		{1D1C718C-4827-306E-BFF0-4EAD38A6260C}.MinSizeRel|Win32.Build.0 = MinSizeRel|Win32
		{1D1C718C-4827-306E-BFF0-4EAD38A6260C}.RelWithDebInfo|Win32.ActiveCfg = RelWithDebInfo|Win32
		{1D1C718C-4827-306E-BFF0-4EAD38A6260C}.RelWithDebInfo|Win32.Build.0 = RelWithDebInfo|Win32
	EndGlobalSection
	GlobalSection(ExtensibilityGlobals) = postSolution
	EndGlobalSection
	GlobalSection(ExtensibilityAddIns) = postSolution
	EndGlobalSection
EndGlobal
